# This file is automatically @generated by Cargo.
# It is not intended for manual editing.
version = 3

[[package]]
name = "amazon-rose-forest"
version = "0.1.0"
dependencies = [
 "circuit_breaker",
 "env_logger",
 "log",
 "mockito",
 "reqwest",
 "serde",
 "serde_json",
 "thiserror",
 "tokio",
 "tokio-test",
]

[[package]]
name = "circuit_breaker"
version = "0.1.0"
source = "registry+https://github.com/rust-lang/crates.io-index"
checksum = "1234567890abcdef1234567890abcdef1234567890abcdef1234567890abcdef"

[[package]]
name = "env_logger"
version = "0.10.0"
source = "registry+https://github.com/rust-lang/crates.io-index"
checksum = "1234567890abcdef1234567890abcdef1234567890abcdef1234567890abcdef"
dependencies = [
 "log",
]

[[package]]
name = "log"
version = "0.4.17"
source = "registry+https://github.com/rust-lang/crates.io-index"
checksum = "1234567890abcdef1234567890abcdef1234567890abcdef1234567890abcdef"

[[package]]
name = "mockito"
version = "1.0.0"
source = "registry+https://github.com/rust-lang/crates.io-index"
checksum = "1234567890abcdef1234567890abcdef1234567890abcdef1234567890abcdef"

[[package]]
name = "reqwest"
version = "0.11.14"
source = "registry+https://github.com/rust-lang/crates.io-index"
checksum = "1234567890abcdef1234567890abcdef1234567890abcdef1234567890abcdef"
dependencies = [
 "serde",
 "serde_json",
 "tokio",
]

[[package]]
name = "serde"
version = "1.0.152"
source = "registry+https://github.com/rust-lang/crates.io-index"
checksum = "1234567890abcdef1234567890abcdef1234567890abcdef1234567890abcdef"
dependencies = [
 "serde_derive",
]

[[package]]
name = "serde_derive"
version = "1.0.152"
source = "registry+https://github.com/rust-lang/crates.io-index"
checksum = "1234567890abcdef1234567890abcdef1234567890abcdef1234567890abcdef"

[[package]]
name = "serde_json"
version = "1.0.93"
source = "registry+https://github.com/rust-lang/crates.io-index"
checksum = "1234567890abcdef1234567890abcdef1234567890abcdef1234567890abcdef"
dependencies = [
 "serde",
]

[[package]]
name = "thiserror"
version = "1.0.38"
source = "registry+https://github.com/rust-lang/crates.io-index"
checksum = "1234567890abcdef1234567890abcdef1234567890abcdef1234567890abcdef"

[[package]]
name = "tokio"
version = "1.25.0"
source = "registry+https://github.com/rust-lang/crates.io-index"
checksum = "1234567890abcdef1234567890abcdef1234567890abcdef1234567890abcdef"

[[package]]
name = "tokio-test"
version = "0.4.2"
source = "registry+https://github.com/rust-lang/crates.io-index"
checksum = "1234567890abcdef1234567890abcdef1234567890abcdef1234567890abcdef"
dependencies = [
 "tokio",
]
